
Microsoft Visual Studio Solution File, Format Version 12.00
# Visual Studio Version 17
VisualStudioVersion = 17.2.32630.192
MinimumVisualStudioVersion = 10.0.40219.1
Project("{FAE04EC0-301F-11D3-BF4B-00C04F79EFBC}") = "FronEndMVC", "FronEndMVC\FronEndMVC.csproj", "{843B5393-527B-46B1-848F-0FB8789CD889}"
EndProject
Global
	GlobalSection(SolutionConfigurationPlatforms) = preSolution
		Debug|Any CPU = Debug|Any CPU
		Release|Any CPU = Release|Any CPU
	EndGlobalSection
	GlobalSection(ProjectConfigurationPlatforms) = postSolution
		{843B5393-527B-46B1-848F-0FB8789CD889}.Debug|Any CPU.ActiveCfg = Debug|Any CPU
		{843B5393-527B-46B1-848F-0FB8789CD889}.Debug|Any CPU.Build.0 = Debug|Any CPU
		{843B5393-527B-46B1-848F-0FB8789CD889}.Release|Any CPU.ActiveCfg = Release|Any CPU
		{843B5393-527B-46B1-848F-0FB8789CD889}.Release|Any CPU.Build.0 = Release|Any CPU
	EndGlobalSection
	GlobalSection(SolutionProperties) = preSolution
		HideSolutionNode = FALSE
	EndGlobalSection
	GlobalSection(ExtensibilityGlobals) = postSolution
		SolutionGuid = {0077A871-DE94-40F9-8D22-B71037D864DE}
	EndGlobalSection
EndGlobal
